<?xml version="1.0" encoding="utf-8"?>
<Project ToolsVersion="4.0" xmlns="http://schemas.microsoft.com/developer/msbuild/2003">
  <ItemGroup>
    <Filter Include="Fichiers sources">
      <UniqueIdentifier>{4FC737F1-C7A5-4376-A066-2A32D752A2FF}</UniqueIdentifier>
      <Extensions>cpp;c;cc;cxx;def;odl;idl;hpj;bat;asm;asmx</Extensions>
    </Filter>
    <Filter Include="Fichiers d%27en-tête">
      <UniqueIdentifier>{93995380-89BD-4b04-88EB-625FBE52EBFB}</UniqueIdentifier>
      <Extensions>h;hh;hpp;hxx;hm;inl;inc;xsd</Extensions>
    </Filter>
    <Filter Include="Fichiers de ressources">
      <UniqueIdentifier>{67DA6AB6-F800-4c08-8B7A-83BB121AAD01}</UniqueIdentifier>
      <Extensions>rc;ico;cur;bmp;dlg;rc2;rct;bin;rgs;gif;jpg;jpeg;jpe;resx;tiff;tif;png;wav;mfcribbon-ms</Extensions>
    </Filter>
    <Filter Include="Fichiers sources\Graphics">
      <UniqueIdentifier>{904f0ac0-08c6-451c-9f50-3877bf801c05}</UniqueIdentifier>
    </Filter>
    <Filter Include="Fichiers sources\Models">
      <UniqueIdentifier>{1cc28a03-eb8a-4d57-8809-3f48465d11da}</UniqueIdentifier>
    </Filter>
    <Filter Include="Fichiers de ressources\assets">
      <UniqueIdentifier>{d77214b6-8fa3-4069-9691-f7c3aa4673aa}</UniqueIdentifier>
    </Filter>
    <Filter Include="Fichiers de ressources\assets\tiles">
      <UniqueIdentifier>{5549ccb2-1ca2-4bcc-92c3-a5029a75ae9c}</UniqueIdentifier>
    </Filter>
    <Filter Include="Fichiers sources\Tools">
      <UniqueIdentifier>{a31be0b8-9640-42e3-a1bd-908db1833e75}</UniqueIdentifier>
    </Filter>
    <Filter Include="Fichiers sources\Core">
      <UniqueIdentifier>{ee683c0e-193d-4904-a660-644326e77a04}</UniqueIdentifier>
    </Filter>
    <Filter Include="Fichiers sources\Abstract">
      <UniqueIdentifier>{66af7b48-0992-41ad-9fb4-33e6f7148fc4}</UniqueIdentifier>
    </Filter>
    <Filter Include="Fichiers sources\Interfaces">
      <UniqueIdentifier>{5e70d93d-570e-48fa-a1d9-31298f2766df}</UniqueIdentifier>
    </Filter>
    <Filter Include="Fichiers d%27en-tête\Abstract">
      <UniqueIdentifier>{31dcf3ec-24d2-43da-b668-785f390fd5fa}</UniqueIdentifier>
    </Filter>
    <Filter Include="Fichiers d%27en-tête\Core">
      <UniqueIdentifier>{95f3b522-ad34-40de-8860-45bea1451d4f}</UniqueIdentifier>
    </Filter>
    <Filter Include="Fichiers d%27en-tête\Graphics">
      <UniqueIdentifier>{8414995d-ff99-4bba-bbd4-ef38a97d842f}</UniqueIdentifier>
    </Filter>
    <Filter Include="Fichiers d%27en-tête\Interfaces">
      <UniqueIdentifier>{3d9cdcee-46f6-4637-b398-a66ae8093b6a}</UniqueIdentifier>
    </Filter>
    <Filter Include="Fichiers d%27en-tête\Models">
      <UniqueIdentifier>{788c88d1-6d04-4ae4-9e1d-8669a0e37b52}</UniqueIdentifier>
    </Filter>
    <Filter Include="Fichiers d%27en-tête\Tools">
      <UniqueIdentifier>{88a22bf8-d5f5-49cd-9e89-9316edb58462}</UniqueIdentifier>
    </Filter>
    <Filter Include="Fichiers sources\Menuing">
      <UniqueIdentifier>{adec5e32-ea20-4c8e-9188-c4fff60d7a34}</UniqueIdentifier>
    </Filter>
    <Filter Include="Fichiers d%27en-tête\Menuing">
      <UniqueIdentifier>{e7b6835f-93c8-4825-aec2-ce0d692fca5b}</UniqueIdentifier>
    </Filter>
    <Filter Include="Fichiers d%27en-tête\Menuing\Abstract">
      <UniqueIdentifier>{4587c35c-bd2b-43e8-9be1-ae45e4e94377}</UniqueIdentifier>
    </Filter>
    <Filter Include="Fichiers sources\Menuing\Abstract">
      <UniqueIdentifier>{082252be-1724-4d84-ad59-6dc3a9e8af79}</UniqueIdentifier>
    </Filter>
    <Filter Include="Fichiers sources\Menuing\Elements">
      <UniqueIdentifier>{f92a6e2d-b83e-44f6-98c7-6c5ba74da7b1}</UniqueIdentifier>
    </Filter>
    <Filter Include="Fichiers sources\Menuing\Windows">
      <UniqueIdentifier>{37ac6ec7-1d50-49e4-a673-f5d1d592a3ce}</UniqueIdentifier>
    </Filter>
    <Filter Include="Fichiers d%27en-tête\Menuing\Elements">
      <UniqueIdentifier>{b18aae96-c0db-49dc-9919-67a9204b0712}</UniqueIdentifier>
    </Filter>
    <Filter Include="Fichiers d%27en-tête\Menuing\Windows">
      <UniqueIdentifier>{6689aa82-abee-4cfb-9c55-17753f014be9}</UniqueIdentifier>
    </Filter>
    <Filter Include="Fichiers sources\Menuing\Triggers">
      <UniqueIdentifier>{2d4485ef-471d-4b90-ab72-4e59e38a26d8}</UniqueIdentifier>
    </Filter>
    <Filter Include="Fichiers d%27en-tête\Menuing\Triggers">
      <UniqueIdentifier>{e6047cae-6e99-41b1-a8b7-61eb80d92125}</UniqueIdentifier>
    </Filter>
  </ItemGroup>
  <ItemGroup>
    <Image Include="assets\tiles\sol.jpg">
      <Filter>Fichiers de ressources\assets\tiles</Filter>
    </Image>
    <Image Include="assets\barrel_E.png">
      <Filter>Fichiers de ressources\assets</Filter>
    </Image>
  </ItemGroup>
  <ItemGroup>
    <ClCompile Include="main.cpp">
      <Filter>Fichiers sources</Filter>
    </ClCompile>
    <ClCompile Include="IsometricMap.cpp">
      <Filter>Fichiers sources\Models</Filter>
    </ClCompile>
    <ClCompile Include="GlobalLight.cpp">
      <Filter>Fichiers sources\Models</Filter>
    </ClCompile>
    <ClCompile Include="MapCase.cpp">
      <Filter>Fichiers sources\Graphics</Filter>
    </ClCompile>
    <ClCompile Include="DataContainer.cpp">
      <Filter>Fichiers sources\Tools</Filter>
    </ClCompile>
    <ClCompile Include="KeyboardManager.cpp">
      <Filter>Fichiers sources\Core</Filter>
    </ClCompile>
    <ClCompile Include="Tool.cpp">
      <Filter>Fichiers sources\Tools</Filter>
    </ClCompile>
    <ClCompile Include="GameClock.cpp">
      <Filter>Fichiers sources\Core</Filter>
    </ClCompile>
    <ClCompile Include="SaveManager.cpp">
      <Filter>Fichiers sources\Core</Filter>
    </ClCompile>
    <ClCompile Include="SaveMapCase.cpp">
      <Filter>Fichiers sources\Tools</Filter>
    </ClCompile>
    <ClCompile Include="AFileManager.cpp">
      <Filter>Fichiers sources\Abstract</Filter>
    </ClCompile>
    <ClCompile Include="LoadManager.cpp">
      <Filter>Fichiers sources\Core</Filter>
    </ClCompile>
    <ClCompile Include="TextureManager.cpp">
      <Filter>Fichiers sources\Core</Filter>
    </ClCompile>
    <ClCompile Include="Utils.cpp">
      <Filter>Fichiers sources\Tools</Filter>
    </ClCompile>
    <ClCompile Include="MusicManager.cpp">
      <Filter>Fichiers sources\Core</Filter>
    </ClCompile>
    <ClCompile Include="SoundManager.cpp">
      <Filter>Fichiers sources\Core</Filter>
    </ClCompile>
    <ClCompile Include="ACharacter.cpp">
      <Filter>Fichiers sources\Abstract</Filter>
    </ClCompile>
    <ClCompile Include="NPC.cpp">
      <Filter>Fichiers sources\Models</Filter>
    </ClCompile>
    <ClCompile Include="Item.cpp">
      <Filter>Fichiers sources\Models</Filter>
    </ClCompile>
    <ClCompile Include="IObject.cpp">
      <Filter>Fichiers sources\Interfaces</Filter>
    </ClCompile>
    <ClCompile Include="CharacterSprite.cpp">
      <Filter>Fichiers sources\Graphics</Filter>
    </ClCompile>
    <ClCompile Include="TextureLexer.cpp">
      <Filter>Fichiers sources\Core</Filter>
    </ClCompile>
    <ClCompile Include="CoreController.cpp">
      <Filter>Fichiers sources\Core</Filter>
    </ClCompile>
    <ClCompile Include="ConfigLexer.cpp">
      <Filter>Fichiers sources\Tools</Filter>
    </ClCompile>
    <ClCompile Include="AButton.cpp">
      <Filter>Fichiers sources\Menuing\Abstract</Filter>
    </ClCompile>
    <ClCompile Include="MenuWindowAlert.cpp">
      <Filter>Fichiers sources\Menuing\Windows</Filter>
    </ClCompile>
    <ClCompile Include="MenuWindowDialog.cpp">
      <Filter>Fichiers sources\Menuing\Windows</Filter>
    </ClCompile>
    <ClCompile Include="MenuWindowEchap.cpp">
      <Filter>Fichiers sources\Menuing\Windows</Filter>
    </ClCompile>
    <ClCompile Include="MenuWindowFull.cpp">
      <Filter>Fichiers sources\Menuing\Windows</Filter>
    </ClCompile>
    <ClCompile Include="MenuColorSelect.cpp">
      <Filter>Fichiers sources\Menuing\Elements</Filter>
    </ClCompile>
    <ClCompile Include="MenuImage.cpp">
      <Filter>Fichiers sources\Menuing\Elements</Filter>
    </ClCompile>
    <ClCompile Include="MenuImageButton.cpp">
      <Filter>Fichiers sources\Menuing\Elements</Filter>
    </ClCompile>
    <ClCompile Include="MenuInput.cpp">
      <Filter>Fichiers sources\Menuing\Elements</Filter>
    </ClCompile>
    <ClCompile Include="MenuScrollbar.cpp">
      <Filter>Fichiers sources\Menuing\Elements</Filter>
    </ClCompile>
    <ClCompile Include="MenuSliderSelect.cpp">
      <Filter>Fichiers sources\Menuing\Elements</Filter>
    </ClCompile>
    <ClCompile Include="MenuText.cpp">
      <Filter>Fichiers sources\Menuing\Elements</Filter>
    </ClCompile>
    <ClCompile Include="MenuTextAndImageButton.cpp">
      <Filter>Fichiers sources\Menuing\Elements</Filter>
    </ClCompile>
    <ClCompile Include="MenuTextButton.cpp">
      <Filter>Fichiers sources\Menuing\Elements</Filter>
    </ClCompile>
    <ClCompile Include="MenuTextSelect.cpp">
      <Filter>Fichiers sources\Menuing\Elements</Filter>
    </ClCompile>
    <ClCompile Include="AMenuArrow.cpp">
      <Filter>Fichiers sources\Menuing\Elements</Filter>
    </ClCompile>
    <ClCompile Include="ABasicElement.cpp">
      <Filter>Fichiers sources\Menuing\Abstract</Filter>
    </ClCompile>
    <ClCompile Include="MenuManager.cpp">
      <Filter>Fichiers sources\Core</Filter>
    </ClCompile>
    <ClCompile Include="InputStorage.cpp">
      <Filter>Fichiers sources\Tools</Filter>
    </ClCompile>
    <ClCompile Include="ATrigger.cpp">
      <Filter>Fichiers sources\Menuing\Abstract</Filter>
    </ClCompile>
    <ClCompile Include="Clickable.cpp">
      <Filter>Fichiers sources\Menuing\Triggers</Filter>
    </ClCompile>
    <ClCompile Include="ClosedWindow.cpp">
      <Filter>Fichiers sources\Menuing\Triggers</Filter>
    </ClCompile>
    <ClCompile Include="Inputable.cpp">
      <Filter>Fichiers sources\Menuing\Triggers</Filter>
    </ClCompile>
    <ClCompile Include="Scrollable.cpp">
      <Filter>Fichiers sources\Menuing\Triggers</Filter>
    </ClCompile>
    <ClCompile Include="Selectable.cpp">
      <Filter>Fichiers sources\Menuing\Triggers</Filter>
    </ClCompile>
    <ClCompile Include="AWindow.cpp">
      <Filter>Fichiers sources\Menuing\Abstract</Filter>
    </ClCompile>
  </ItemGroup>
  <ItemGroup>
    <ClInclude Include="resource.h">
      <Filter>Fichiers d%27en-tête</Filter>
    </ClInclude>
    <ClInclude Include="ACharacter.hpp">
      <Filter>Fichiers d%27en-tête\Abstract</Filter>
    </ClInclude>
    <ClInclude Include="AFileManager.hpp">
      <Filter>Fichiers d%27en-tête\Abstract</Filter>
    </ClInclude>
    <ClInclude Include="GameClock.hpp">
      <Filter>Fichiers d%27en-tête\Core</Filter>
    </ClInclude>
    <ClInclude Include="KeyboardManager.hpp">
      <Filter>Fichiers d%27en-tête\Core</Filter>
    </ClInclude>
    <ClInclude Include="LoadManager.hpp">
      <Filter>Fichiers d%27en-tête\Core</Filter>
    </ClInclude>
    <ClInclude Include="MusicManager.hpp">
      <Filter>Fichiers d%27en-tête\Core</Filter>
    </ClInclude>
    <ClInclude Include="SaveManager.hpp">
      <Filter>Fichiers d%27en-tête\Core</Filter>
    </ClInclude>
    <ClInclude Include="SoundManager.hpp">
      <Filter>Fichiers d%27en-tête\Core</Filter>
    </ClInclude>
    <ClInclude Include="TextureManager.hpp">
      <Filter>Fichiers d%27en-tête\Core</Filter>
    </ClInclude>
    <ClInclude Include="TextureLexer.hpp">
      <Filter>Fichiers d%27en-tête\Core</Filter>
    </ClInclude>
    <ClInclude Include="CharacterSprite.hpp">
      <Filter>Fichiers d%27en-tête\Graphics</Filter>
    </ClInclude>
    <ClInclude Include="MapCase.hpp">
      <Filter>Fichiers d%27en-tête\Graphics</Filter>
    </ClInclude>
    <ClInclude Include="IObject.hpp">
      <Filter>Fichiers d%27en-tête\Interfaces</Filter>
    </ClInclude>
    <ClInclude Include="GlobalLight.hpp">
      <Filter>Fichiers d%27en-tête\Models</Filter>
    </ClInclude>
    <ClInclude Include="IsometricMap.hpp">
      <Filter>Fichiers d%27en-tête\Models</Filter>
    </ClInclude>
    <ClInclude Include="Item.hpp">
      <Filter>Fichiers d%27en-tête\Models</Filter>
    </ClInclude>
    <ClInclude Include="NPC.hpp">
      <Filter>Fichiers d%27en-tête\Models</Filter>
    </ClInclude>
    <ClInclude Include="DataContainer.hpp">
      <Filter>Fichiers d%27en-tête\Tools</Filter>
    </ClInclude>
    <ClInclude Include="Enum.hpp">
      <Filter>Fichiers d%27en-tête\Tools</Filter>
    </ClInclude>
    <ClInclude Include="SaveMapCase.hpp">
      <Filter>Fichiers d%27en-tête\Tools</Filter>
    </ClInclude>
    <ClInclude Include="Tool.hpp">
      <Filter>Fichiers d%27en-tête\Tools</Filter>
    </ClInclude>
    <ClInclude Include="CoreController.hpp">
      <Filter>Fichiers d%27en-tête\Core</Filter>
    </ClInclude>
    <ClInclude Include="ConfigLexer.hpp">
      <Filter>Fichiers d%27en-tête\Tools</Filter>
    </ClInclude>
    <ClInclude Include="AButton.hpp">
      <Filter>Fichiers d%27en-tête\Menuing\Abstract</Filter>
    </ClInclude>
    <ClInclude Include="MenuWindowAlert.hpp">
      <Filter>Fichiers d%27en-tête\Menuing\Windows</Filter>
    </ClInclude>
    <ClInclude Include="MenuWindowDialog.hpp">
      <Filter>Fichiers d%27en-tête\Menuing\Windows</Filter>
    </ClInclude>
    <ClInclude Include="MenuWindowEchap.hpp">
      <Filter>Fichiers d%27en-tête\Menuing\Windows</Filter>
    </ClInclude>
    <ClInclude Include="MenuWindowFull.hpp">
      <Filter>Fichiers d%27en-tête\Menuing\Windows</Filter>
    </ClInclude>
    <ClInclude Include="MenuColorSelect.hpp">
      <Filter>Fichiers d%27en-tête\Menuing\Elements</Filter>
    </ClInclude>
    <ClInclude Include="MenuImageButton.hpp">
      <Filter>Fichiers d%27en-tête\Menuing\Elements</Filter>
    </ClInclude>
    <ClInclude Include="MenuInput.hpp">
      <Filter>Fichiers d%27en-tête\Menuing\Elements</Filter>
    </ClInclude>
    <ClInclude Include="MenuScrollbar.hpp">
      <Filter>Fichiers d%27en-tête\Menuing\Elements</Filter>
    </ClInclude>
    <ClInclude Include="MenuSliderSelect.hpp">
      <Filter>Fichiers d%27en-tête\Menuing\Elements</Filter>
    </ClInclude>
    <ClInclude Include="MenuTextAndImageButton.hpp">
      <Filter>Fichiers d%27en-tête\Menuing\Elements</Filter>
    </ClInclude>
    <ClInclude Include="MenuTextSelect.hpp">
      <Filter>Fichiers d%27en-tête\Menuing\Elements</Filter>
    </ClInclude>
    <ClInclude Include="MenuText.hpp">
      <Filter>Fichiers d%27en-tête\Menuing\Elements</Filter>
    </ClInclude>
    <ClInclude Include="MenuTextButton.hpp">
      <Filter>Fichiers d%27en-tête\Menuing\Elements</Filter>
    </ClInclude>
    <ClInclude Include="AMenuArrow.hpp">
      <Filter>Fichiers d%27en-tête\Menuing\Elements</Filter>
    </ClInclude>
    <ClInclude Include="ABasicElement.hpp">
      <Filter>Fichiers d%27en-tête\Menuing\Abstract</Filter>
    </ClInclude>
    <ClInclude Include="MenuImage.hpp">
      <Filter>Fichiers d%27en-tête\Menuing\Elements</Filter>
    </ClInclude>
    <ClInclude Include="MenuManager.hpp">
      <Filter>Fichiers d%27en-tête\Core</Filter>
    </ClInclude>
    <ClInclude Include="InputStorage.hpp">
      <Filter>Fichiers d%27en-tête\Tools</Filter>
    </ClInclude>
    <ClInclude Include="ATrigger.hpp">
      <Filter>Fichiers d%27en-tête\Menuing\Abstract</Filter>
    </ClInclude>
    <ClInclude Include="Clickable.hpp">
      <Filter>Fichiers d%27en-tête\Menuing\Triggers</Filter>
    </ClInclude>
    <ClInclude Include="ClosedWindow.hpp">
      <Filter>Fichiers d%27en-tête\Menuing\Triggers</Filter>
    </ClInclude>
    <ClInclude Include="Inputable.hpp">
      <Filter>Fichiers d%27en-tête\Menuing\Triggers</Filter>
    </ClInclude>
    <ClInclude Include="Scrollable.hpp">
      <Filter>Fichiers d%27en-tête\Menuing\Triggers</Filter>
    </ClInclude>
    <ClInclude Include="Selectable.hpp">
      <Filter>Fichiers d%27en-tête\Menuing\Triggers</Filter>
    </ClInclude>
    <ClInclude Include="AWindow.hpp">
      <Filter>Fichiers d%27en-tête\Menuing\Abstract</Filter>
    </ClInclude>
  </ItemGroup>
  <ItemGroup>
    <ResourceCompile Include="GameProject.rc">
      <Filter>Fichiers de ressources</Filter>
    </ResourceCompile>
  </ItemGroup>
</Project>